lockfileVersion: '6.0'

settings:
  autoInstallPeers: true
  excludeLinksFromLockfile: false

importers:

  .:
    devDependencies:
      '@types/node':
        specifier: latest
        version: 24.10.1
      prettier:
        specifier: latest
        version: 3.6.2
      turbo:
        specifier: latest
        version: 2.6.1
      typescript:
        specifier: latest
        version: 5.9.3

  packages/types:
    dependencies:
      zod:
        specifier: latest
        version: 4.1.12
    devDependencies:
      supabase:
        specifier: latest
        version: 2.58.5
      typescript:
        specifier: latest
        version: 5.9.3

packages:

  /@isaacs/fs-minipass@4.0.1:
    resolution: {integrity: sha512-wgm9Ehl2jpeqP3zw/7mo3kRHFp5MEDhqAdwy1fTGkHAwnkGOVsgpvQhL8B5n1qlb01jV3n/bI0ZfZp5lWA1k4w==}
    engines: {node: '>=18.0.0'}
    dependencies:
      minipass: 7.1.2
    dev: true

  /@types/node@24.10.1:
    resolution: {integrity: sha512-GNWcUTRBgIRJD5zj+Tq0fKOJ5XZajIiBroOF0yvj2bSU1WvNdYS/dn9UxwsujGW4JX06dnHyjV2y9rRaybH0iQ==}
    dependencies:
      undici-types: 7.16.0
    dev: true

  /agent-base@7.1.4:
    resolution: {integrity: sha512-MnA+YT8fwfJPgBx3m60MNqakm30XOkyIoH1y6huTQvC0PwZG7ki8NacLBcrPbNoo8vEZy7Jpuk7+jMO+CUovTQ==}
    engines: {node: '>= 14'}
    dev: true

  /bin-links@6.0.0:
    resolution: {integrity: sha512-X4CiKlcV2GjnCMwnKAfbVWpHa++65th9TuzAEYtZoATiOE2DQKhSp4CJlyLoTqdhBKlXjpXjCTYPNNFS33Fi6w==}
    engines: {node: ^20.17.0 || >=22.9.0}
    dependencies:
      cmd-shim: 8.0.0
      npm-normalize-package-bin: 5.0.0
      proc-log: 6.0.0
      read-cmd-shim: 6.0.0
      write-file-atomic: 7.0.0
    dev: true

  /chownr@3.0.0:
    resolution: {integrity: sha512-+IxzY9BZOQd/XuYPRmrvEVjF/nqj5kgT4kEq7VofrDoM1MxoRjEWkrCC3EtLi59TVawxTAn+orJwFQcrqEN1+g==}
    engines: {node: '>=18'}
    dev: true

  /cmd-shim@8.0.0:
    resolution: {integrity: sha512-Jk/BK6NCapZ58BKUxlSI+ouKRbjH1NLZCgJkYoab+vEHUY3f6OzpNBN9u7HFSv9J6TRDGs4PLOHezoKGaFRSCA==}
    engines: {node: ^20.17.0 || >=22.9.0}
    dev: true

  /data-uri-to-buffer@4.0.1:
    resolution: {integrity: sha512-0R9ikRb668HB7QDxT1vkpuUBtqc53YyAwMwGeUFKRojY/NWKvdZ+9UYtRfGmhqNbRkTSVpMbmyhXipFFv2cb/A==}
    engines: {node: '>= 12'}
    dev: true

  /debug@4.4.3:
    resolution: {integrity: sha512-RGwwWnwQvkVfavKVt22FGLw+xYSdzARwm0ru6DhTVA3umU5hZc28V3kO4stgYryrTlLpuvgI9GiijltAjNbcqA==}
    engines: {node: '>=6.0'}
    peerDependencies:
      supports-color: '*'
    peerDependenciesMeta:
      supports-color:
        optional: true
    dependencies:
      ms: 2.1.3
    dev: true

  /fetch-blob@3.2.0:
    resolution: {integrity: sha512-7yAQpD2UMJzLi1Dqv7qFYnPbaPx7ZfFK6PiIxQ4PfkGPyNyl2Ugx+a/umUonmKqjhM4DnfbMvdX6otXq83soQQ==}
    engines: {node: ^12.20 || >= 14.13}
    dependencies:
      node-domexception: 1.0.0
      web-streams-polyfill: 3.3.3
    dev: true

  /formdata-polyfill@4.0.10:
    resolution: {integrity: sha512-buewHzMvYL29jdeQTVILecSaZKnt/RJWjoZCF5OW60Z67/GmSLBkOFM7qh1PI3zFNtJbaZL5eQu1vLfazOwj4g==}
    engines: {node: '>=12.20.0'}
    dependencies:
      fetch-blob: 3.2.0
    dev: true

  /https-proxy-agent@7.0.6:
    resolution: {integrity: sha512-vK9P5/iUfdl95AI+JVyUuIcVtd4ofvtrOr3HNtM2yxC9bnMbEdp3x01OhQNnjb8IJYi38VlTE3mBXwcfvywuSw==}
    engines: {node: '>= 14'}
    dependencies:
      agent-base: 7.1.4
      debug: 4.4.3
    transitivePeerDependencies:
      - supports-color
    dev: true

  /imurmurhash@0.1.4:
    resolution: {integrity: sha512-JmXMZ6wuvDmLiHEml9ykzqO6lwFbof0GG4IkcGaENdCRDDmMVnny7s5HsIgHCbaq0w2MyPhDqkhTUgS2LU2PHA==}
    engines: {node: '>=0.8.19'}
    dev: true

  /minipass@7.1.2:
    resolution: {integrity: sha512-qOOzS1cBTWYF4BH8fVePDBOO9iptMnGUEZwNc/cMWnTV2nVLZ7VoNWEPHkYczZA0pdoA7dl6e7FL659nX9S2aw==}
    engines: {node: '>=16 || 14 >=14.17'}
    dev: true

  /minizlib@3.1.0:
    resolution: {integrity: sha512-KZxYo1BUkWD2TVFLr0MQoM8vUUigWD3LlD83a/75BqC+4qE0Hb1Vo5v1FgcfaNXvfXzr+5EhQ6ing/CaBijTlw==}
    engines: {node: '>= 18'}
    dependencies:
      minipass: 7.1.2
    dev: true

  /ms@2.1.3:
    resolution: {integrity: sha512-6FlzubTLZG3J2a/NVCAleEhjzq5oxgHyaCU9yYXvcLsvoVaHJq/s5xXI6/XXP6tz7R9xAOtHnSO/tXtF3WRTlA==}
    dev: true

  /node-domexception@1.0.0:
    resolution: {integrity: sha512-/jKZoMpw0F8GRwl4/eLROPA3cfcXtLApP0QzLmUT/HuPCZWyB7IY9ZrMeKw2O/nFIqPQB3PVM9aYm0F312AXDQ==}
    engines: {node: '>=10.5.0'}
    deprecated: Use your platform's native DOMException instead
    dev: true

  /node-fetch@3.3.2:
    resolution: {integrity: sha512-dRB78srN/l6gqWulah9SrxeYnxeddIG30+GOqK/9OlLVyLg3HPnr6SqOWTWOXKRwC2eGYCkZ59NNuSgvSrpgOA==}
    engines: {node: ^12.20.0 || ^14.13.1 || >=16.0.0}
    dependencies:
      data-uri-to-buffer: 4.0.1
      fetch-blob: 3.2.0
      formdata-polyfill: 4.0.10
    dev: true

  /npm-normalize-package-bin@5.0.0:
    resolution: {integrity: sha512-CJi3OS4JLsNMmr2u07OJlhcrPxCeOeP/4xq67aWNai6TNWWbTrlNDgl8NcFKVlcBKp18GPj+EzbNIgrBfZhsag==}
    engines: {node: ^20.17.0 || >=22.9.0}
    dev: true

  /prettier@3.6.2:
    resolution: {integrity: sha512-I7AIg5boAr5R0FFtJ6rCfD+LFsWHp81dolrFD8S79U9tb8Az2nGrJncnMSnys+bpQJfRUzqs9hnA81OAA3hCuQ==}
    engines: {node: '>=14'}
    hasBin: true
    dev: true

  /proc-log@6.0.0:
    resolution: {integrity: sha512-KG/XsTDN901PNfPfAMmj6N/Ywg9tM+bHK8pAz+27fS4N4Pcr+4zoYBOcGSBu6ceXYNPxkLpa4ohtfxV1XcLAfA==}
    engines: {node: ^20.17.0 || >=22.9.0}
    dev: true

  /read-cmd-shim@6.0.0:
    resolution: {integrity: sha512-1zM5HuOfagXCBWMN83fuFI/x+T/UhZ7k+KIzhrHXcQoeX5+7gmaDYjELQHmmzIodumBHeByBJT4QYS7ufAgs7A==}
    engines: {node: ^20.17.0 || >=22.9.0}
    dev: true

  /signal-exit@4.1.0:
    resolution: {integrity: sha512-bzyZ1e88w9O1iNJbKnOlvYTrWPDl46O1bG0D3XInv+9tkPrxrN8jUUTiFlDkkmKWgn1M6CfIA13SuGqOa9Korw==}
    engines: {node: '>=14'}
    dev: true

  /supabase@2.58.5:
    resolution: {integrity: sha512-mYZSkUIePTdmwlHd26Pff8wpmjfre8gcuWzrc5QqhZgZvCXugVzAQQhcjaQisw5kusbPQWNIjUwcHYEKmejhPw==}
    engines: {npm: '>=8'}
    hasBin: true
    requiresBuild: true
    dependencies:
      bin-links: 6.0.0
      https-proxy-agent: 7.0.6
      node-fetch: 3.3.2
      tar: 7.5.2
    transitivePeerDependencies:
      - supports-color
    dev: true

  /tar@7.5.2:
    resolution: {integrity: sha512-7NyxrTE4Anh8km8iEy7o0QYPs+0JKBTj5ZaqHg6B39erLg0qYXN3BijtShwbsNSvQ+LN75+KV+C4QR/f6Gwnpg==}
    engines: {node: '>=18'}
    dependencies:
      '@isaacs/fs-minipass': 4.0.1
      chownr: 3.0.0
      minipass: 7.1.2
      minizlib: 3.1.0
      yallist: 5.0.0
    dev: true

  /turbo-darwin-64@2.6.1:
    resolution: {integrity: sha512-Dm0HwhyZF4J0uLqkhUyCVJvKM9Rw7M03v3J9A7drHDQW0qAbIGBrUijQ8g4Q9Cciw/BXRRd8Uzkc3oue+qn+ZQ==}
    cpu: [x64]
    os: [darwin]
    requiresBuild: true
    dev: true
    optional: true

  /turbo-darwin-arm64@2.6.1:
    resolution: {integrity: sha512-U0PIPTPyxdLsrC3jN7jaJUwgzX5sVUBsKLO7+6AL+OASaa1NbT1pPdiZoTkblBAALLP76FM0LlnsVQOnmjYhyw==}
    cpu: [arm64]
    os: [darwin]
    requiresBuild: true
    dev: true
    optional: true

  /turbo-linux-64@2.6.1:
    resolution: {integrity: sha512-eM1uLWgzv89bxlK29qwQEr9xYWBhmO/EGiH22UGfq+uXr+QW1OvNKKMogSN65Ry8lElMH4LZh0aX2DEc7eC0Mw==}
    cpu: [x64]
    os: [linux]
    requiresBuild: true
    dev: true
    optional: true

  /turbo-linux-arm64@2.6.1:
    resolution: {integrity: sha512-MFFh7AxAQAycXKuZDrbeutfWM5Ep0CEZ9u7zs4Hn2FvOViTCzIfEhmuJou3/a5+q5VX1zTxQrKGy+4Lf5cdpsA==}
    cpu: [arm64]
    os: [linux]
    requiresBuild: true
    dev: true
    optional: true

  /turbo-windows-64@2.6.1:
    resolution: {integrity: sha512-buq7/VAN7KOjMYi4tSZT5m+jpqyhbRU2EUTTvp6V0Ii8dAkY2tAAjQN1q5q2ByflYWKecbQNTqxmVploE0LVwQ==}
    cpu: [x64]
    os: [win32]
    requiresBuild: true
    dev: true
    optional: true

  /turbo-windows-arm64@2.6.1:
    resolution: {integrity: sha512-7w+AD5vJp3R+FB0YOj1YJcNcOOvBior7bcHTodqp90S3x3bLgpr7tE6xOea1e8JkP7GK6ciKVUpQvV7psiwU5Q==}
    cpu: [arm64]
    os: [win32]
    requiresBuild: true
    dev: true
    optional: true

  /turbo@2.6.1:
    resolution: {integrity: sha512-qBwXXuDT3rA53kbNafGbT5r++BrhRgx3sAo0cHoDAeG9g1ItTmUMgltz3Hy7Hazy1ODqNpR+C7QwqL6DYB52yA==}
    hasBin: true
    optionalDependencies:
      turbo-darwin-64: 2.6.1
      turbo-darwin-arm64: 2.6.1
      turbo-linux-64: 2.6.1
      turbo-linux-arm64: 2.6.1
      turbo-windows-64: 2.6.1
      turbo-windows-arm64: 2.6.1
    dev: true

  /typescript@5.9.3:
    resolution: {integrity: sha512-jl1vZzPDinLr9eUt3J/t7V6FgNEw9QjvBPdysz9KfQDD41fQrC2Y4vKQdiaUpFT4bXlb1RHhLpp8wtm6M5TgSw==}
    engines: {node: '>=14.17'}
    hasBin: true
    dev: true

  /undici-types@7.16.0:
    resolution: {integrity: sha512-Zz+aZWSj8LE6zoxD+xrjh4VfkIG8Ya6LvYkZqtUQGJPZjYl53ypCaUwWqo7eI0x66KBGeRo+mlBEkMSeSZ38Nw==}
    dev: true

  /web-streams-polyfill@3.3.3:
    resolution: {integrity: sha512-d2JWLCivmZYTSIoge9MsgFCZrt571BikcWGYkjC1khllbTeDlGqZ2D8vD8E/lJa8WGWbb7Plm8/XJYV7IJHZZw==}
    engines: {node: '>= 8'}
    dev: true

  /write-file-atomic@7.0.0:
    resolution: {integrity: sha512-YnlPC6JqnZl6aO4uRc+dx5PHguiR9S6WeoLtpxNT9wIG+BDya7ZNE1q7KOjVgaA73hKhKLpVPgJ5QA9THQ5BRg==}
    engines: {node: ^20.17.0 || >=22.9.0}
    dependencies:
      imurmurhash: 0.1.4
      signal-exit: 4.1.0
    dev: true

  /yallist@5.0.0:
    resolution: {integrity: sha512-YgvUTfwqyc7UXVMrB+SImsVYSmTS8X/tSrtdNZMImM+n7+QTriRXyXim0mBrTXNeqzVF0KWGgHPeiyViFFrNDw==}
    engines: {node: '>=18'}
    dev: true

  /zod@4.1.12:
    resolution: {integrity: sha512-JInaHOamG8pt5+Ey8kGmdcAcg3OL9reK8ltczgHTAwNhMys/6ThXHityHxVV2p3fkw/c+MAvBHFVYHFZDmjMCQ==}
    dev: false
